
Microsoft Visual Studio Solution File, Format Version 12.00
# Visual Studio Version 17
VisualStudioVersion = 17.5.33516.290
MinimumVisualStudioVersion = 10.0.40219.1
Project("{9A19103F-16F7-4668-BE54-9A1E7A4F7556}") = "UserManagementService", "UserManagementService\UserManagementService.csproj", "{52657107-95DB-4B50-988C-287D46CACE1B}"
EndProject
Project("{9A19103F-16F7-4668-BE54-9A1E7A4F7556}") = "OrderMicroservice", "OrderService\OrderMicroservice.csproj", "{32E9D768-37E3-4B8D-ACA8-6E36C4FDE851}"
EndProject
Project("{9A19103F-16F7-4668-BE54-9A1E7A4F7556}") = "DeliveryMicroservice", "DeliveryMicroservice\DeliveryMicroservice.csproj", "{F95366DB-3962-4000-8003-781770736A55}"
EndProject
Project("{9A19103F-16F7-4668-BE54-9A1E7A4F7556}") = "Shared", "Shared\Shared.csproj", "{7CA99936-9553-41B2-8D21-A859724BCADD}"
EndProject
Project("{9A19103F-16F7-4668-BE54-9A1E7A4F7556}") = "ApiGateway", "ApiGateway\ApiGateway.csproj", "{C1CB0525-0014-453B-A6C7-8E01E1509EEF}"
EndProject
Project("{E53339B2-1760-4266-BCC7-CA923CBCF16C}") = "docker-compose", "docker-compose.dcproj", "{C30B473F-18DC-457A-9A51-8DCD013090B7}"
EndProject
Global
	GlobalSection(SolutionConfigurationPlatforms) = preSolution
		Debug|Any CPU = Debug|Any CPU
		Release|Any CPU = Release|Any CPU
	EndGlobalSection
	GlobalSection(ProjectConfigurationPlatforms) = postSolution
		{52657107-95DB-4B50-988C-287D46CACE1B}.Debug|Any CPU.ActiveCfg = Debug|Any CPU
		{52657107-95DB-4B50-988C-287D46CACE1B}.Debug|Any CPU.Build.0 = Debug|Any CPU
		{52657107-95DB-4B50-988C-287D46CACE1B}.Release|Any CPU.ActiveCfg = Release|Any CPU
		{52657107-95DB-4B50-988C-287D46CACE1B}.Release|Any CPU.Build.0 = Release|Any CPU
		{32E9D768-37E3-4B8D-ACA8-6E36C4FDE851}.Debug|Any CPU.ActiveCfg = Debug|Any CPU
		{32E9D768-37E3-4B8D-ACA8-6E36C4FDE851}.Debug|Any CPU.Build.0 = Debug|Any CPU
		{32E9D768-37E3-4B8D-ACA8-6E36C4FDE851}.Release|Any CPU.ActiveCfg = Release|Any CPU
		{32E9D768-37E3-4B8D-ACA8-6E36C4FDE851}.Release|Any CPU.Build.0 = Release|Any CPU
		{F95366DB-3962-4000-8003-781770736A55}.Debug|Any CPU.ActiveCfg = Debug|Any CPU
		{F95366DB-3962-4000-8003-781770736A55}.Debug|Any CPU.Build.0 = Debug|Any CPU
		{F95366DB-3962-4000-8003-781770736A55}.Release|Any CPU.ActiveCfg = Release|Any CPU
		{F95366DB-3962-4000-8003-781770736A55}.Release|Any CPU.Build.0 = Release|Any CPU
		{7CA99936-9553-41B2-8D21-A859724BCADD}.Debug|Any CPU.ActiveCfg = Debug|Any CPU
		{7CA99936-9553-41B2-8D21-A859724BCADD}.Debug|Any CPU.Build.0 = Debug|Any CPU
		{7CA99936-9553-41B2-8D21-A859724BCADD}.Release|Any CPU.ActiveCfg = Release|Any CPU
		{7CA99936-9553-41B2-8D21-A859724BCADD}.Release|Any CPU.Build.0 = Release|Any CPU
		{C1CB0525-0014-453B-A6C7-8E01E1509EEF}.Debug|Any CPU.ActiveCfg = Debug|Any CPU
		{C1CB0525-0014-453B-A6C7-8E01E1509EEF}.Debug|Any CPU.Build.0 = Debug|Any CPU
		{C1CB0525-0014-453B-A6C7-8E01E1509EEF}.Release|Any CPU.ActiveCfg = Release|Any CPU
		{C1CB0525-0014-453B-A6C7-8E01E1509EEF}.Release|Any CPU.Build.0 = Release|Any CPU
		{C30B473F-18DC-457A-9A51-8DCD013090B7}.Debug|Any CPU.ActiveCfg = Debug|Any CPU
		{C30B473F-18DC-457A-9A51-8DCD013090B7}.Debug|Any CPU.Build.0 = Debug|Any CPU
		{C30B473F-18DC-457A-9A51-8DCD013090B7}.Release|Any CPU.ActiveCfg = Release|Any CPU
		{C30B473F-18DC-457A-9A51-8DCD013090B7}.Release|Any CPU.Build.0 = Release|Any CPU
	EndGlobalSection
	GlobalSection(SolutionProperties) = preSolution
		HideSolutionNode = FALSE
	EndGlobalSection
	GlobalSection(ExtensibilityGlobals) = postSolution
		SolutionGuid = {7F72DB12-C83E-4B9C-AE17-B98B8417103A}
	EndGlobalSection
EndGlobal
